
Microsoft Visual Studio Solution File, Format Version 12.00
# Visual Studio Version 17
VisualStudioVersion = 17.14.36915.13 d17.14
MinimumVisualStudioVersion = 10.0.40219.1
Project("{FAE04EC0-301F-11D3-BF4B-00C04F79EFBC}") = "Start", "Start.csproj", "{5BBC2DDE-1507-442A-8F2F-4407F6984ED3}"
EndProject
Global
	GlobalSection(SolutionConfigurationPlatforms) = preSolution
		Debug|Any CPU = Debug|Any CPU
		Release|Any CPU = Release|Any CPU
	EndGlobalSection
	GlobalSection(ProjectConfigurationPlatforms) = postSolution
		{5BBC2DDE-1507-442A-8F2F-4407F6984ED3}.Debug|Any CPU.ActiveCfg = Debug|Any CPU
		{5BBC2DDE-1507-442A-8F2F-4407F6984ED3}.Debug|Any CPU.Build.0 = Debug|Any CPU
		{5BBC2DDE-1507-442A-8F2F-4407F6984ED3}.Release|Any CPU.ActiveCfg = Release|Any CPU
		{5BBC2DDE-1507-442A-8F2F-4407F6984ED3}.Release|Any CPU.Build.0 = Release|Any CPU
	EndGlobalSection
	GlobalSection(SolutionProperties) = preSolution
		HideSolutionNode = FALSE
	EndGlobalSection
	GlobalSection(ExtensibilityGlobals) = postSolution
		SolutionGuid = {45B74B2D-04F5-40D9-B8BE-D90A125D82A7}
	EndGlobalSection
EndGlobal
